
Microsoft Visual Studio Solution File, Format Version 12.00
# Visual Studio 2012
Project("{FAE04EC0-301F-11D3-BF4B-00C04F79EFBC}") = "Elte.GeographyHtm", "src\Elte.GeographyHtm\Elte.GeographyHtm.csproj", "{044376D0-EA3F-41AE-A3EB-AEF898E88376}"
EndProject
Project("{FAE04EC0-301F-11D3-BF4B-00C04F79EFBC}") = "Elte.GeographyHtm.Test", "test\Elte.GeographyHtm.Test\Elte.GeographyHtm.Test.csproj", "{928ABB8E-9611-46FF-9FE0-03C8B7BA641D}"
EndProject
Global
	GlobalSection(SolutionConfigurationPlatforms) = preSolution
		Debug|Any CPU = Debug|Any CPU
		Release|Any CPU = Release|Any CPU
	EndGlobalSection
	GlobalSection(ProjectConfigurationPlatforms) = postSolution
		{044376D0-EA3F-41AE-A3EB-AEF898E88376}.Debug|Any CPU.ActiveCfg = Debug|Any CPU
		{044376D0-EA3F-41AE-A3EB-AEF898E88376}.Debug|Any CPU.Build.0 = Debug|Any CPU
		{044376D0-EA3F-41AE-A3EB-AEF898E88376}.Release|Any CPU.ActiveCfg = Release|Any CPU
		{044376D0-EA3F-41AE-A3EB-AEF898E88376}.Release|Any CPU.Build.0 = Release|Any CPU
		{928ABB8E-9611-46FF-9FE0-03C8B7BA641D}.Debug|Any CPU.ActiveCfg = Debug|Any CPU
		{928ABB8E-9611-46FF-9FE0-03C8B7BA641D}.Debug|Any CPU.Build.0 = Debug|Any CPU
		{928ABB8E-9611-46FF-9FE0-03C8B7BA641D}.Release|Any CPU.ActiveCfg = Release|Any CPU
		{928ABB8E-9611-46FF-9FE0-03C8B7BA641D}.Release|Any CPU.Build.0 = Release|Any CPU
	EndGlobalSection
	GlobalSection(SolutionProperties) = preSolution
		HideSolutionNode = FALSE
	EndGlobalSection
EndGlobal
